
Microsoft Visual Studio Solution File, Format Version 12.00
# Visual Studio Version 17
VisualStudioVersion = 17.11.35111.106
MinimumVisualStudioVersion = 10.0.40219.1
Project("{2150E333-8FDC-42A3-9474-1A3956D46DE8}") = "Solution Items", "Solution Items", "{F5A2FE5E-0F5C-40BC-860F-5DE26921BEF5}"
	ProjectSection(SolutionItems) = preProject
		.editorconfig = .editorconfig
		Directory.Build.props = Directory.Build.props
	EndProjectSection
EndProject
Project("{2150E333-8FDC-42A3-9474-1A3956D46DE8}") = "src", "src", "{B52FC56B-6608-44D2-AFF3-F5A22E083CD6}"
EndProject
Project("{2150E333-8FDC-42A3-9474-1A3956D46DE8}") = "API", "API", "{64BC0285-D277-4AF3-9FE7-C39A47BADB38}"
EndProject
Project("{2150E333-8FDC-42A3-9474-1A3956D46DE8}") = "Modules", "Modules", "{CCE87D7D-E52E-4447-B03E-1FB5D9E787A2}"
EndProject
Project("{2150E333-8FDC-42A3-9474-1A3956D46DE8}") = "Events", "Events", "{F4ED2696-B8F8-457E-8AC0-F904A6A621EA}"
EndProject
Project("{9A19103F-16F7-4668-BE54-9A1E7A4F7556}") = "Evently.API", "src\API\Evently.API\Evently.API.csproj", "{106E3B19-1D1F-44B0-A3D2-16665398FB4F}"
EndProject
Project("{E53339B2-1760-4266-BCC7-CA923CBCF16C}") = "docker-compose", "docker-compose.dcproj", "{36CB31A1-83AF-48C8-91A6-7BCFA66B8287}"
EndProject
Project("{9A19103F-16F7-4668-BE54-9A1E7A4F7556}") = "Evently.Modules.Events.Application", "src\Modules\Events\Evently.Modules.Events.Application\Evently.Modules.Events.Application.csproj", "{075ABE68-DD85-4C47-A7F9-2B7AEEFA54B8}"
EndProject
Project("{9A19103F-16F7-4668-BE54-9A1E7A4F7556}") = "Evently.Modules.Events.Domain", "src\Modules\Events\Evently.Modules.Events.Domain\Evently.Modules.Events.Domain.csproj", "{5C0F2E08-071B-4A8B-B81E-529FE236B772}"
EndProject
Project("{9A19103F-16F7-4668-BE54-9A1E7A4F7556}") = "Evently.Modules.Events.Infrastructure", "src\Modules\Events\Evently.Modules.Events.Infrastructure\Evently.Modules.Events.Infrastructure.csproj", "{C7B7912A-DBDD-4948-9120-64D823D043C1}"
EndProject
Project("{9A19103F-16F7-4668-BE54-9A1E7A4F7556}") = "Evently.Modules.Events.Presentation", "src\Modules\Events\Evently.Modules.Events.Presentation\Evently.Modules.Events.Presentation.csproj", "{4E598A02-935B-4645-B7CA-62EDF8197E71}"
EndProject
Project("{2150E333-8FDC-42A3-9474-1A3956D46DE8}") = "Common", "Common", "{6345CB6C-3168-40BA-BE5C-BC54061FEABE}"
EndProject
Project("{9A19103F-16F7-4668-BE54-9A1E7A4F7556}") = "Evently.Common.Domain", "src\Common\Evently.Common.Domain\Evently.Common.Domain.csproj", "{7CA60146-A032-4480-8A55-E592942950B8}"
EndProject
Project("{9A19103F-16F7-4668-BE54-9A1E7A4F7556}") = "Evently.Common.Application", "src\Common\Evently.Common.Application\Evently.Common.Application.csproj", "{6D49D3A4-5888-4868-BEC6-30D5C81C0087}"
EndProject
Project("{9A19103F-16F7-4668-BE54-9A1E7A4F7556}") = "Evently.Common.Infrastructure", "src\Common\Evently.Common.Infrastructure\Evently.Common.Infrastructure.csproj", "{5DBE5273-A92B-4492-8F22-AFB5B7906DD8}"
EndProject
Project("{9A19103F-16F7-4668-BE54-9A1E7A4F7556}") = "Evently.Common.Presentation", "src\Common\Evently.Common.Presentation\Evently.Common.Presentation.csproj", "{910F571B-BD7B-4FA4-803E-602A8D77DAA4}"
EndProject
Project("{2150E333-8FDC-42A3-9474-1A3956D46DE8}") = "Users", "Users", "{0A96D0DF-77B2-4AF8-A07D-1A036F8B785C}"
EndProject
Project("{9A19103F-16F7-4668-BE54-9A1E7A4F7556}") = "Evently.Modules.Users.Application", "src\Modules\Users\Evently.Modules.Users.Application\Evently.Modules.Users.Application.csproj", "{3B453222-465B-4CCC-BA3E-617ABA079AC5}"
EndProject
Project("{9A19103F-16F7-4668-BE54-9A1E7A4F7556}") = "Evently.Modules.Users.Domain", "src\Modules\Users\Evently.Modules.Users.Domain\Evently.Modules.Users.Domain.csproj", "{9A9D340B-3A8C-47A5-9312-D1AB667D3DC6}"
EndProject
Project("{9A19103F-16F7-4668-BE54-9A1E7A4F7556}") = "Evently.Modules.Users.Infrastructure", "src\Modules\Users\Evently.Modules.Users.Infrastructure\Evently.Modules.Users.Infrastructure.csproj", "{D0BE69F5-1EA6-4E0D-B007-6E0AB1B253E5}"
EndProject
Project("{9A19103F-16F7-4668-BE54-9A1E7A4F7556}") = "Evently.Modules.Users.Presentation", "src\Modules\Users\Evently.Modules.Users.Presentation\Evently.Modules.Users.Presentation.csproj", "{91E2C2E7-8196-4BED-82CB-5CDD19BF4CB8}"
EndProject
Project("{9A19103F-16F7-4668-BE54-9A1E7A4F7556}") = "Evently.Modules.Users.IntegrationEvents", "src\Modules\Users\Evently.Modules.Users.IntegrationEvents\Evently.Modules.Users.IntegrationEvents.csproj", "{82154BF9-818C-489B-B8F6-5FB456B46FD2}"
EndProject
Project("{2150E333-8FDC-42A3-9474-1A3956D46DE8}") = "Ticketing", "Ticketing", "{CAB88A63-3184-45D5-B1E8-43159C46F617}"
EndProject
Project("{9A19103F-16F7-4668-BE54-9A1E7A4F7556}") = "Evently.Modules.Ticketing.Application", "src\Modules\Ticketing\Evently.Modules.Ticketing.Application\Evently.Modules.Ticketing.Application.csproj", "{A4FCA71B-DA77-4370-A84A-5CC7E3E52A4E}"
EndProject
Project("{9A19103F-16F7-4668-BE54-9A1E7A4F7556}") = "Evently.Modules.Ticketing.Domain", "src\Modules\Ticketing\Evently.Modules.Ticketing.Domain\Evently.Modules.Ticketing.Domain.csproj", "{43402E87-106A-4505-BD6B-D2224838DA5F}"
EndProject
Project("{9A19103F-16F7-4668-BE54-9A1E7A4F7556}") = "Evently.Modules.Ticketing.Infrastructure", "src\Modules\Ticketing\Evently.Modules.Ticketing.Infrastructure\Evently.Modules.Ticketing.Infrastructure.csproj", "{6C95055E-0754-4332-A4FA-4BB35F3F76EB}"
EndProject
Project("{9A19103F-16F7-4668-BE54-9A1E7A4F7556}") = "Evently.Modules.Ticketing.Presentation", "src\Modules\Ticketing\Evently.Modules.Ticketing.Presentation\Evently.Modules.Ticketing.Presentation.csproj", "{CDBF1F2C-1B54-4916-BB76-8F2D9AD7E85C}"
EndProject
Global
	GlobalSection(SolutionConfigurationPlatforms) = preSolution
		Debug|Any CPU = Debug|Any CPU
		Release|Any CPU = Release|Any CPU
	EndGlobalSection
	GlobalSection(ProjectConfigurationPlatforms) = postSolution
		{106E3B19-1D1F-44B0-A3D2-16665398FB4F}.Debug|Any CPU.ActiveCfg = Debug|Any CPU
		{106E3B19-1D1F-44B0-A3D2-16665398FB4F}.Debug|Any CPU.Build.0 = Debug|Any CPU
		{106E3B19-1D1F-44B0-A3D2-16665398FB4F}.Release|Any CPU.ActiveCfg = Release|Any CPU
		{106E3B19-1D1F-44B0-A3D2-16665398FB4F}.Release|Any CPU.Build.0 = Release|Any CPU
		{36CB31A1-83AF-48C8-91A6-7BCFA66B8287}.Debug|Any CPU.ActiveCfg = Debug|Any CPU
		{36CB31A1-83AF-48C8-91A6-7BCFA66B8287}.Debug|Any CPU.Build.0 = Debug|Any CPU
		{36CB31A1-83AF-48C8-91A6-7BCFA66B8287}.Release|Any CPU.ActiveCfg = Release|Any CPU
		{36CB31A1-83AF-48C8-91A6-7BCFA66B8287}.Release|Any CPU.Build.0 = Release|Any CPU
		{075ABE68-DD85-4C47-A7F9-2B7AEEFA54B8}.Debug|Any CPU.ActiveCfg = Debug|Any CPU
		{075ABE68-DD85-4C47-A7F9-2B7AEEFA54B8}.Debug|Any CPU.Build.0 = Debug|Any CPU
		{075ABE68-DD85-4C47-A7F9-2B7AEEFA54B8}.Release|Any CPU.ActiveCfg = Release|Any CPU
		{075ABE68-DD85-4C47-A7F9-2B7AEEFA54B8}.Release|Any CPU.Build.0 = Release|Any CPU
		{5C0F2E08-071B-4A8B-B81E-529FE236B772}.Debug|Any CPU.ActiveCfg = Debug|Any CPU
		{5C0F2E08-071B-4A8B-B81E-529FE236B772}.Debug|Any CPU.Build.0 = Debug|Any CPU
		{5C0F2E08-071B-4A8B-B81E-529FE236B772}.Release|Any CPU.ActiveCfg = Release|Any CPU
		{5C0F2E08-071B-4A8B-B81E-529FE236B772}.Release|Any CPU.Build.0 = Release|Any CPU
		{C7B7912A-DBDD-4948-9120-64D823D043C1}.Debug|Any CPU.ActiveCfg = Debug|Any CPU
		{C7B7912A-DBDD-4948-9120-64D823D043C1}.Debug|Any CPU.Build.0 = Debug|Any CPU
		{C7B7912A-DBDD-4948-9120-64D823D043C1}.Release|Any CPU.ActiveCfg = Release|Any CPU
		{C7B7912A-DBDD-4948-9120-64D823D043C1}.Release|Any CPU.Build.0 = Release|Any CPU
		{4E598A02-935B-4645-B7CA-62EDF8197E71}.Debug|Any CPU.ActiveCfg = Debug|Any CPU
		{4E598A02-935B-4645-B7CA-62EDF8197E71}.Debug|Any CPU.Build.0 = Debug|Any CPU
		{4E598A02-935B-4645-B7CA-62EDF8197E71}.Release|Any CPU.ActiveCfg = Release|Any CPU
		{4E598A02-935B-4645-B7CA-62EDF8197E71}.Release|Any CPU.Build.0 = Release|Any CPU
		{7CA60146-A032-4480-8A55-E592942950B8}.Debug|Any CPU.ActiveCfg = Debug|Any CPU
		{7CA60146-A032-4480-8A55-E592942950B8}.Debug|Any CPU.Build.0 = Debug|Any CPU
		{7CA60146-A032-4480-8A55-E592942950B8}.Release|Any CPU.ActiveCfg = Release|Any CPU
		{7CA60146-A032-4480-8A55-E592942950B8}.Release|Any CPU.Build.0 = Release|Any CPU
		{6D49D3A4-5888-4868-BEC6-30D5C81C0087}.Debug|Any CPU.ActiveCfg = Debug|Any CPU
		{6D49D3A4-5888-4868-BEC6-30D5C81C0087}.Debug|Any CPU.Build.0 = Debug|Any CPU
		{6D49D3A4-5888-4868-BEC6-30D5C81C0087}.Release|Any CPU.ActiveCfg = Release|Any CPU
		{6D49D3A4-5888-4868-BEC6-30D5C81C0087}.Release|Any CPU.Build.0 = Release|Any CPU
		{5DBE5273-A92B-4492-8F22-AFB5B7906DD8}.Debug|Any CPU.ActiveCfg = Debug|Any CPU
		{5DBE5273-A92B-4492-8F22-AFB5B7906DD8}.Debug|Any CPU.Build.0 = Debug|Any CPU
		{5DBE5273-A92B-4492-8F22-AFB5B7906DD8}.Release|Any CPU.ActiveCfg = Release|Any CPU
		{5DBE5273-A92B-4492-8F22-AFB5B7906DD8}.Release|Any CPU.Build.0 = Release|Any CPU
		{910F571B-BD7B-4FA4-803E-602A8D77DAA4}.Debug|Any CPU.ActiveCfg = Debug|Any CPU
		{910F571B-BD7B-4FA4-803E-602A8D77DAA4}.Debug|Any CPU.Build.0 = Debug|Any CPU
		{910F571B-BD7B-4FA4-803E-602A8D77DAA4}.Release|Any CPU.ActiveCfg = Release|Any CPU
		{910F571B-BD7B-4FA4-803E-602A8D77DAA4}.Release|Any CPU.Build.0 = Release|Any CPU
		{3B453222-465B-4CCC-BA3E-617ABA079AC5}.Debug|Any CPU.ActiveCfg = Debug|Any CPU
		{3B453222-465B-4CCC-BA3E-617ABA079AC5}.Debug|Any CPU.Build.0 = Debug|Any CPU
		{3B453222-465B-4CCC-BA3E-617ABA079AC5}.Release|Any CPU.ActiveCfg = Release|Any CPU
		{3B453222-465B-4CCC-BA3E-617ABA079AC5}.Release|Any CPU.Build.0 = Release|Any CPU
		{9A9D340B-3A8C-47A5-9312-D1AB667D3DC6}.Debug|Any CPU.ActiveCfg = Debug|Any CPU
		{9A9D340B-3A8C-47A5-9312-D1AB667D3DC6}.Debug|Any CPU.Build.0 = Debug|Any CPU
		{9A9D340B-3A8C-47A5-9312-D1AB667D3DC6}.Release|Any CPU.ActiveCfg = Release|Any CPU
		{9A9D340B-3A8C-47A5-9312-D1AB667D3DC6}.Release|Any CPU.Build.0 = Release|Any CPU
		{D0BE69F5-1EA6-4E0D-B007-6E0AB1B253E5}.Debug|Any CPU.ActiveCfg = Debug|Any CPU
		{D0BE69F5-1EA6-4E0D-B007-6E0AB1B253E5}.Debug|Any CPU.Build.0 = Debug|Any CPU
		{D0BE69F5-1EA6-4E0D-B007-6E0AB1B253E5}.Release|Any CPU.ActiveCfg = Release|Any CPU
		{D0BE69F5-1EA6-4E0D-B007-6E0AB1B253E5}.Release|Any CPU.Build.0 = Release|Any CPU
		{91E2C2E7-8196-4BED-82CB-5CDD19BF4CB8}.Debug|Any CPU.ActiveCfg = Debug|Any CPU
		{91E2C2E7-8196-4BED-82CB-5CDD19BF4CB8}.Debug|Any CPU.Build.0 = Debug|Any CPU
		{91E2C2E7-8196-4BED-82CB-5CDD19BF4CB8}.Release|Any CPU.ActiveCfg = Release|Any CPU
		{91E2C2E7-8196-4BED-82CB-5CDD19BF4CB8}.Release|Any CPU.Build.0 = Release|Any CPU
		{82154BF9-818C-489B-B8F6-5FB456B46FD2}.Debug|Any CPU.ActiveCfg = Debug|Any CPU
		{82154BF9-818C-489B-B8F6-5FB456B46FD2}.Debug|Any CPU.Build.0 = Debug|Any CPU
		{82154BF9-818C-489B-B8F6-5FB456B46FD2}.Release|Any CPU.ActiveCfg = Release|Any CPU
		{82154BF9-818C-489B-B8F6-5FB456B46FD2}.Release|Any CPU.Build.0 = Release|Any CPU
		{A4FCA71B-DA77-4370-A84A-5CC7E3E52A4E}.Debug|Any CPU.ActiveCfg = Debug|Any CPU
		{A4FCA71B-DA77-4370-A84A-5CC7E3E52A4E}.Debug|Any CPU.Build.0 = Debug|Any CPU
		{A4FCA71B-DA77-4370-A84A-5CC7E3E52A4E}.Release|Any CPU.ActiveCfg = Release|Any CPU
		{A4FCA71B-DA77-4370-A84A-5CC7E3E52A4E}.Release|Any CPU.Build.0 = Release|Any CPU
		{43402E87-106A-4505-BD6B-D2224838DA5F}.Debug|Any CPU.ActiveCfg = Debug|Any CPU
		{43402E87-106A-4505-BD6B-D2224838DA5F}.Debug|Any CPU.Build.0 = Debug|Any CPU
		{43402E87-106A-4505-BD6B-D2224838DA5F}.Release|Any CPU.ActiveCfg = Release|Any CPU
		{43402E87-106A-4505-BD6B-D2224838DA5F}.Release|Any CPU.Build.0 = Release|Any CPU
		{6C95055E-0754-4332-A4FA-4BB35F3F76EB}.Debug|Any CPU.ActiveCfg = Debug|Any CPU
		{6C95055E-0754-4332-A4FA-4BB35F3F76EB}.Debug|Any CPU.Build.0 = Debug|Any CPU
		{6C95055E-0754-4332-A4FA-4BB35F3F76EB}.Release|Any CPU.ActiveCfg = Release|Any CPU
		{6C95055E-0754-4332-A4FA-4BB35F3F76EB}.Release|Any CPU.Build.0 = Release|Any CPU
		{CDBF1F2C-1B54-4916-BB76-8F2D9AD7E85C}.Debug|Any CPU.ActiveCfg = Debug|Any CPU
		{CDBF1F2C-1B54-4916-BB76-8F2D9AD7E85C}.Debug|Any CPU.Build.0 = Debug|Any CPU
		{CDBF1F2C-1B54-4916-BB76-8F2D9AD7E85C}.Release|Any CPU.ActiveCfg = Release|Any CPU
		{CDBF1F2C-1B54-4916-BB76-8F2D9AD7E85C}.Release|Any CPU.Build.0 = Release|Any CPU
	EndGlobalSection
	GlobalSection(SolutionProperties) = preSolution
		HideSolutionNode = FALSE
	EndGlobalSection
	GlobalSection(NestedProjects) = preSolution
		{64BC0285-D277-4AF3-9FE7-C39A47BADB38} = {B52FC56B-6608-44D2-AFF3-F5A22E083CD6}
		{CCE87D7D-E52E-4447-B03E-1FB5D9E787A2} = {B52FC56B-6608-44D2-AFF3-F5A22E083CD6}
		{F4ED2696-B8F8-457E-8AC0-F904A6A621EA} = {CCE87D7D-E52E-4447-B03E-1FB5D9E787A2}
		{106E3B19-1D1F-44B0-A3D2-16665398FB4F} = {64BC0285-D277-4AF3-9FE7-C39A47BADB38}
		{075ABE68-DD85-4C47-A7F9-2B7AEEFA54B8} = {F4ED2696-B8F8-457E-8AC0-F904A6A621EA}
		{5C0F2E08-071B-4A8B-B81E-529FE236B772} = {F4ED2696-B8F8-457E-8AC0-F904A6A621EA}
		{C7B7912A-DBDD-4948-9120-64D823D043C1} = {F4ED2696-B8F8-457E-8AC0-F904A6A621EA}
		{4E598A02-935B-4645-B7CA-62EDF8197E71} = {F4ED2696-B8F8-457E-8AC0-F904A6A621EA}
		{6345CB6C-3168-40BA-BE5C-BC54061FEABE} = {B52FC56B-6608-44D2-AFF3-F5A22E083CD6}
		{7CA60146-A032-4480-8A55-E592942950B8} = {6345CB6C-3168-40BA-BE5C-BC54061FEABE}
		{6D49D3A4-5888-4868-BEC6-30D5C81C0087} = {6345CB6C-3168-40BA-BE5C-BC54061FEABE}
		{5DBE5273-A92B-4492-8F22-AFB5B7906DD8} = {6345CB6C-3168-40BA-BE5C-BC54061FEABE}
		{910F571B-BD7B-4FA4-803E-602A8D77DAA4} = {6345CB6C-3168-40BA-BE5C-BC54061FEABE}
		{0A96D0DF-77B2-4AF8-A07D-1A036F8B785C} = {CCE87D7D-E52E-4447-B03E-1FB5D9E787A2}
		{3B453222-465B-4CCC-BA3E-617ABA079AC5} = {0A96D0DF-77B2-4AF8-A07D-1A036F8B785C}
		{9A9D340B-3A8C-47A5-9312-D1AB667D3DC6} = {0A96D0DF-77B2-4AF8-A07D-1A036F8B785C}
		{D0BE69F5-1EA6-4E0D-B007-6E0AB1B253E5} = {0A96D0DF-77B2-4AF8-A07D-1A036F8B785C}
		{91E2C2E7-8196-4BED-82CB-5CDD19BF4CB8} = {0A96D0DF-77B2-4AF8-A07D-1A036F8B785C}
		{82154BF9-818C-489B-B8F6-5FB456B46FD2} = {0A96D0DF-77B2-4AF8-A07D-1A036F8B785C}
		{CAB88A63-3184-45D5-B1E8-43159C46F617} = {CCE87D7D-E52E-4447-B03E-1FB5D9E787A2}
		{A4FCA71B-DA77-4370-A84A-5CC7E3E52A4E} = {CAB88A63-3184-45D5-B1E8-43159C46F617}
		{43402E87-106A-4505-BD6B-D2224838DA5F} = {CAB88A63-3184-45D5-B1E8-43159C46F617}
		{6C95055E-0754-4332-A4FA-4BB35F3F76EB} = {CAB88A63-3184-45D5-B1E8-43159C46F617}
		{CDBF1F2C-1B54-4916-BB76-8F2D9AD7E85C} = {CAB88A63-3184-45D5-B1E8-43159C46F617}
	EndGlobalSection
	GlobalSection(ExtensibilityGlobals) = postSolution
		SolutionGuid = {E4DCAA0F-28A6-4D4E-9B7B-0E4B42A4F15F}
	EndGlobalSection
EndGlobal
